
Microsoft Visual Studio Solution File, Format Version 12.00
# Visual Studio Version 16
VisualStudioVersion = 16.0.31025.194
MinimumVisualStudioVersion = 10.0.40219.1
Project("{FAE04EC0-301F-11D3-BF4B-00C04F79EFBC}") = "Custom Program", "Custom Program.csproj", "{3AE07F70-3A57-432D-AEB0-5B1C264CBD23}"
EndProject
Global
	GlobalSection(SolutionConfigurationPlatforms) = preSolution
		Debug|Any CPU = Debug|Any CPU
		Release|Any CPU = Release|Any CPU
	EndGlobalSection
	GlobalSection(ProjectConfigurationPlatforms) = postSolution
		{3AE07F70-3A57-432D-AEB0-5B1C264CBD23}.Debug|Any CPU.ActiveCfg = Debug|Any CPU
		{3AE07F70-3A57-432D-AEB0-5B1C264CBD23}.Debug|Any CPU.Build.0 = Debug|Any CPU
		{3AE07F70-3A57-432D-AEB0-5B1C264CBD23}.Release|Any CPU.ActiveCfg = Release|Any CPU
		{3AE07F70-3A57-432D-AEB0-5B1C264CBD23}.Release|Any CPU.Build.0 = Release|Any CPU
	EndGlobalSection
	GlobalSection(SolutionProperties) = preSolution
		HideSolutionNode = FALSE
	EndGlobalSection
	GlobalSection(ExtensibilityGlobals) = postSolution
		SolutionGuid = {DF690888-DC2D-4ECD-93D7-818AFF6ECD71}
	EndGlobalSection
EndGlobal
